PODS:
  - Alamofire (5.4.3)
  - AloeStackView (1.2.0)
  - HandyJSON (5.0.2)
  - Hero (1.6.1)
  - IQKeyboardManagerSwift (6.5.6)
  - Kanna (5.2.7)
  - Kingfisher (6.3.1)
  - Realm (10.14.0):
    - Realm/Headers (= 10.14.0)
  - Realm/Headers (10.14.0)
  - RealmSwift (10.14.0):
    - Realm (= 10.14.0)
  - SVProgressHUD (2.2.5)
  - Then (2.7.0)
  - Tiercel (3.2.3)

DEPENDENCIES:
  - Alamofire
  - AloeStackView
  - HandyJSON
  - Hero
  - IQKeyboardManagerSwift
  - Kanna
  - Kingfisher
  - RealmSwift (> 3.16.2)
  - SVProgressHUD
  - Then
  - Tiercel

SPEC REPOS:
  trunk:
    - Alamofire
    - AloeStackView
    - HandyJSON
    - Hero
    - IQKeyboardManagerSwift
    - Kanna
    - Kingfisher
    - Realm
    - RealmSwift
    - SVProgressHUD
    - Then
    - Tiercel

SPEC CHECKSUMS:
  Alamofire: e447a2774a40c996748296fa2c55112fdbbc42f9
  AloeStackView: 8a4ce0efa08128dd78d538372f60c76c224034bb
  HandyJSON: 9e4e236f5d2dbefad5155a77417bbea438201c03
  Hero: 215865ba3ae41dd9bb08cd6c60a645529c6fc94b
  IQKeyboardManagerSwift: c7df9d2deb356c04522f5c4b7b6e4ce4d8ed94fe
  Kanna: 01cfbddc127f5ff0963692f285fcbc8a9d62d234
  Kingfisher: 016c8b653a35add51dd34a3aba36b580041acc74
  Realm: 95a120db10fa66d0f1d10bee4ce828177ae00090
  RealmSwift: 4937e1b6f9b87bc25dc23883198807bf69e8cb76
  SVProgressHUD: 1428aafac632c1f86f62aa4243ec12008d7a51d6
  Then: acfe0be7e98221c6204e12f8161459606d5d822d
  Tiercel: 912fdb367950c356eb2100279920bce9f5ebc453

PODFILE CHECKSUM: ca14de0d25f985522ae1b76c30a10bd6999e3d25

COCOAPODS: 1.10.1
