PODS:
  - Alamofire (5.4.1)
  - AloeStackView (1.2.0)
  - HandyJSON (5.0.2)
  - Hero (1.6.1)
  - Kanna (5.2.4)
  - Kingfisher (6.2.1)
  - Realm (10.7.2):
    - Realm/Headers (= 10.7.2)
  - Realm/Headers (10.7.2)
  - RealmSwift (10.7.2):
    - Realm (= 10.7.2)
  - SVProgressHUD (2.2.5)
  - Then (2.7.0)

DEPENDENCIES:
  - Alamofire
  - AloeStackView
  - HandyJSON
  - Hero
  - Kanna
  - Kingfisher
  - RealmSwift
  - SVProgressHUD
  - Then

SPEC REPOS:
  trunk:
    - Alamofire
    - AloeStackView
    - HandyJSON
    - Hero
    - Kanna
    - Kingfisher
    - Realm
    - RealmSwift
    - SVProgressHUD
    - Then

SPEC CHECKSUMS:
  Alamofire: 2291f7d21ca607c491dd17642e5d40fdcda0e65c
  AloeStackView: 8a4ce0efa08128dd78d538372f60c76c224034bb
  HandyJSON: 9e4e236f5d2dbefad5155a77417bbea438201c03
  Hero: 215865ba3ae41dd9bb08cd6c60a645529c6fc94b
  Kanna: b9d00d7c11428308c7f95e1f1f84b8205f567a8f
  Kingfisher: e71c6fac2aebb1262888cabc2cb13d313362a48f
  Realm: e523da9ade306c5ae87e85dc09fdef148d3e1cc1
  RealmSwift: 4f6758c3adbdcc87f7b7777107226532a077f61c
  SVProgressHUD: 1428aafac632c1f86f62aa4243ec12008d7a51d6
  Then: acfe0be7e98221c6204e12f8161459606d5d822d

PODFILE CHECKSUM: b921ff52bcb015655d29b347faf8706332b5586b

COCOAPODS: 1.10.1
