// !$*UTF8*$!
{
	archiveVersion = 1;
	classes = {
	};
	objectVersion = 48;
	objects = {

/* Begin PBXBuildFile section */
		49BB7FF6260F5D5100DACF03 /* ExCookie.swift in Sources */ = {isa = PBXBuildFile; fileRef = 49BB7FF5260F5D5100DACF03 /* ExCookie.swift */; };
		540D1FED20DA3EB60044EC55 /* InsetLabel.swift in Sources */ = {isa = PBXBuildFile; fileRef = 540D1FEC20DA3EB60044EC55 /* InsetLabel.swift */; };
		542362F521940916004619F3 /* BaseViewController.swift in Sources */ = {isa = PBXBuildFile; fileRef = 542362F421940916004619F3 /* BaseViewController.swift */; };
		542362F721945C49004619F3 /* WebVC.swift in Sources */ = {isa = PBXBuildFile; fileRef = 542362F621945C49004619F3 /* WebVC.swift */; };
		54405C922196888F00D613BD /* LoadingView.swift in Sources */ = {isa = PBXBuildFile; fileRef = 54405C912196888F00D613BD /* LoadingView.swift */; };
		54433ECA21992FA1008313D4 /* CommentVC.swift in Sources */ = {isa = PBXBuildFile; fileRef = 54433EC921992FA1008313D4 /* CommentVC.swift */; };
		5460470C25CCE6BD00860780 /* FileAppManager.swift in Sources */ = {isa = PBXBuildFile; fileRef = 5460470B25CCE6BD00860780 /* FileAppManager.swift */; };
		5466636D1F1DE3B8003B9E36 /* AppDelegate.swift in Sources */ = {isa = PBXBuildFile; fileRef = 5466636C1F1DE3B8003B9E36 /* AppDelegate.swift */; };
		546663721F1DE3B8003B9E36 /* Main.storyboard in Resources */ = {isa = PBXBuildFile; fileRef = 546663701F1DE3B8003B9E36 /* Main.storyboard */; };
		546663741F1DE3B8003B9E36 /* Assets.xcassets in Resources */ = {isa = PBXBuildFile; fileRef = 546663731F1DE3B8003B9E36 /* Assets.xcassets */; };
		546663771F1DE3B8003B9E36 /* LaunchScreen.storyboard in Resources */ = {isa = PBXBuildFile; fileRef = 546663751F1DE3B8003B9E36 /* LaunchScreen.storyboard */; };
		5466638D1F1DE509003B9E36 /* RequestManager.swift in Sources */ = {isa = PBXBuildFile; fileRef = 546663801F1DE44D003B9E36 /* RequestManager.swift */; };
		5466638E1F1DE50C003B9E36 /* RealmModel.swift in Sources */ = {isa = PBXBuildFile; fileRef = 5466638C1F1DE44D003B9E36 /* RealmModel.swift */; };
		5466638F1F1DE511003B9E36 /* GalleryVC.swift in Sources */ = {isa = PBXBuildFile; fileRef = 546663831F1DE44D003B9E36 /* GalleryVC.swift */; };
		546663901F1DE511003B9E36 /* ListVC.swift in Sources */ = {isa = PBXBuildFile; fileRef = 546663841F1DE44D003B9E36 /* ListVC.swift */; };
		546663911F1DE511003B9E36 /* LoginVC.swift in Sources */ = {isa = PBXBuildFile; fileRef = 546663851F1DE44D003B9E36 /* LoginVC.swift */; };
		546663921F1DE511003B9E36 /* SearchHistoryVC.swift in Sources */ = {isa = PBXBuildFile; fileRef = 546663861F1DE44D003B9E36 /* SearchHistoryVC.swift */; };
		546663931F1DE511003B9E36 /* SettingVC.swift in Sources */ = {isa = PBXBuildFile; fileRef = 546663871F1DE44D003B9E36 /* SettingVC.swift */; };
		546663941F1DE511003B9E36 /* TagVC.swift in Sources */ = {isa = PBXBuildFile; fileRef = 546663881F1DE44D003B9E36 /* TagVC.swift */; };
		546663951F1DE511003B9E36 /* ViewerVC.swift in Sources */ = {isa = PBXBuildFile; fileRef = 546663891F1DE44D003B9E36 /* ViewerVC.swift */; };
		546663961F1DE511003B9E36 /* Cells.swift in Sources */ = {isa = PBXBuildFile; fileRef = 5466638B1F1DE44D003B9E36 /* Cells.swift */; };
		546663971F1DE511003B9E36 /* DownloadManager.swift in Sources */ = {isa = PBXBuildFile; fileRef = 5466637E1F1DE44D003B9E36 /* DownloadManager.swift */; };
		546663981F1DE511003B9E36 /* SSPhoto.swift in Sources */ = {isa = PBXBuildFile; fileRef = 5466638A1F1DE44D003B9E36 /* SSPhoto.swift */; };
		546663991F1DE514003B9E36 /* Helper.swift in Sources */ = {isa = PBXBuildFile; fileRef = 5466637F1F1DE44D003B9E36 /* Helper.swift */; };
		5466639A1F1DE516003B9E36 /* Const.swift in Sources */ = {isa = PBXBuildFile; fileRef = 546663811F1DE44D003B9E36 /* Const.swift */; };
		5466639C1F1DE67B003B9E36 /* RealmManager.swift in Sources */ = {isa = PBXBuildFile; fileRef = 5466639B1F1DE67B003B9E36 /* RealmManager.swift */; };
		5478AEC625C9501400CC373A /* AuthorVC.swift in Sources */ = {isa = PBXBuildFile; fileRef = 5478AEC525C9501400CC373A /* AuthorVC.swift */; };
		547AF17C20DE4538003D2AF3 /* ImageManager.swift in Sources */ = {isa = PBXBuildFile; fileRef = 547AF17B20DE4538003D2AF3 /* ImageManager.swift */; };
		54803F11261569E400471DC8 /* SecurityView.swift in Sources */ = {isa = PBXBuildFile; fileRef = 54803F10261569E400471DC8 /* SecurityView.swift */; };
		54AA5F482192B03C003E0FAD /* QuickScrollBar.swift in Sources */ = {isa = PBXBuildFile; fileRef = 54AA5F472192B03C003E0FAD /* QuickScrollBar.swift */; };
		54E1DADF1F1F38E00096A6D3 /* DownloadBubble.swift in Sources */ = {isa = PBXBuildFile; fileRef = 54E1DADE1F1F38E00096A6D3 /* DownloadBubble.swift */; };
		6E9C4A59AB28844C2C9D07BE /* libPods-Shinsi2.a in Frameworks */ = {isa = PBXBuildFile; fileRef = 62AF745A0A1136C849776EB2 /* libPods-Shinsi2.a */; };
/* End PBXBuildFile section */

/* Begin PBXFileReference section */
		07CE087BB77CAC2F3F8A5D79 /* Pods-Shinsi2.release.xcconfig */ = {isa = PBXFileReference; includeInIndex = 1; lastKnownFileType = text.xcconfig; name = "Pods-Shinsi2.release.xcconfig"; path = "Pods/Target Support Files/Pods-Shinsi2/Pods-Shinsi2.release.xcconfig"; sourceTree = "<group>"; };
		49BB7FF5260F5D5100DACF03 /* ExCookie.swift */ = {isa = PBXFileReference; fileEncoding = 4; lastKnownFileType = sourcecode.swift; path = ExCookie.swift; sourceTree = "<group>"; };
		540D1FEC20DA3EB60044EC55 /* InsetLabel.swift */ = {isa = PBXFileReference; fileEncoding = 4; lastKnownFileType = sourcecode.swift; path = InsetLabel.swift; sourceTree = "<group>"; };
		542362F421940916004619F3 /* BaseViewController.swift */ = {isa = PBXFileReference; lastKnownFileType = sourcecode.swift; path = BaseViewController.swift; sourceTree = "<group>"; };
		542362F621945C49004619F3 /* WebVC.swift */ = {isa = PBXFileReference; lastKnownFileType = sourcecode.swift; path = WebVC.swift; sourceTree = "<group>"; };
		54405C912196888F00D613BD /* LoadingView.swift */ = {isa = PBXFileReference; lastKnownFileType = sourcecode.swift; path = LoadingView.swift; sourceTree = "<group>"; };
		54433EC921992FA1008313D4 /* CommentVC.swift */ = {isa = PBXFileReference; lastKnownFileType = sourcecode.swift; path = CommentVC.swift; sourceTree = "<group>"; };
		5460470B25CCE6BD00860780 /* FileAppManager.swift */ = {isa = PBXFileReference; lastKnownFileType = sourcecode.swift; path = FileAppManager.swift; sourceTree = "<group>"; };
		546663691F1DE3B8003B9E36 /* Shinsi2.app */ = {isa = PBXFileReference; explicitFileType = wrapper.application; includeInIndex = 0; path = Shinsi2.app; sourceTree = BUILT_PRODUCTS_DIR; };
		5466636C1F1DE3B8003B9E36 /* AppDelegate.swift */ = {isa = PBXFileReference; lastKnownFileType = sourcecode.swift; path = AppDelegate.swift; sourceTree = "<group>"; };
		546663711F1DE3B8003B9E36 /* Base */ = {isa = PBXFileReference; lastKnownFileType = file.storyboard; name = Base; path = Base.lproj/Main.storyboard; sourceTree = "<group>"; };
		546663731F1DE3B8003B9E36 /* Assets.xcassets */ = {isa = PBXFileReference; lastKnownFileType = folder.assetcatalog; path = Assets.xcassets; sourceTree = "<group>"; };
		546663761F1DE3B8003B9E36 /* Base */ = {isa = PBXFileReference; lastKnownFileType = file.storyboard; name = Base; path = Base.lproj/LaunchScreen.storyboard; sourceTree = "<group>"; };
		546663781F1DE3B8003B9E36 /* Info.plist */ = {isa = PBXFileReference; lastKnownFileType = text.plist.xml; path = Info.plist; sourceTree = "<group>"; };
		5466637E1F1DE44D003B9E36 /* DownloadManager.swift */ = {isa = PBXFileReference; lastKnownFileType = sourcecode.swift; path = DownloadManager.swift; sourceTree = "<group>"; };
		5466637F1F1DE44D003B9E36 /* Helper.swift */ = {isa = PBXFileReference; lastKnownFileType = sourcecode.swift; path = Helper.swift; sourceTree = "<group>"; };
		546663801F1DE44D003B9E36 /* RequestManager.swift */ = {isa = PBXFileReference; lastKnownFileType = sourcecode.swift; path = RequestManager.swift; sourceTree = "<group>"; };
		546663811F1DE44D003B9E36 /* Const.swift */ = {isa = PBXFileReference; lastKnownFileType = sourcecode.swift; path = Const.swift; sourceTree = "<group>"; };
		546663831F1DE44D003B9E36 /* GalleryVC.swift */ = {isa = PBXFileReference; lastKnownFileType = sourcecode.swift; path = GalleryVC.swift; sourceTree = "<group>"; };
		546663841F1DE44D003B9E36 /* ListVC.swift */ = {isa = PBXFileReference; lastKnownFileType = sourcecode.swift; path = ListVC.swift; sourceTree = "<group>"; };
		546663851F1DE44D003B9E36 /* LoginVC.swift */ = {isa = PBXFileReference; lastKnownFileType = sourcecode.swift; path = LoginVC.swift; sourceTree = "<group>"; };
		546663861F1DE44D003B9E36 /* SearchHistoryVC.swift */ = {isa = PBXFileReference; lastKnownFileType = sourcecode.swift; path = SearchHistoryVC.swift; sourceTree = "<group>"; };
		546663871F1DE44D003B9E36 /* SettingVC.swift */ = {isa = PBXFileReference; lastKnownFileType = sourcecode.swift; path = SettingVC.swift; sourceTree = "<group>"; };
		546663881F1DE44D003B9E36 /* TagVC.swift */ = {isa = PBXFileReference; lastKnownFileType = sourcecode.swift; path = TagVC.swift; sourceTree = "<group>"; };
		546663891F1DE44D003B9E36 /* ViewerVC.swift */ = {isa = PBXFileReference; lastKnownFileType = sourcecode.swift; path = ViewerVC.swift; sourceTree = "<group>"; };
		5466638A1F1DE44D003B9E36 /* SSPhoto.swift */ = {isa = PBXFileReference; lastKnownFileType = sourcecode.swift; path = SSPhoto.swift; sourceTree = "<group>"; };
		5466638B1F1DE44D003B9E36 /* Cells.swift */ = {isa = PBXFileReference; lastKnownFileType = sourcecode.swift; path = Cells.swift; sourceTree = "<group>"; };
		5466638C1F1DE44D003B9E36 /* RealmModel.swift */ = {isa = PBXFileReference; lastKnownFileType = sourcecode.swift; path = RealmModel.swift; sourceTree = "<group>"; };
		5466639B1F1DE67B003B9E36 /* RealmManager.swift */ = {isa = PBXFileReference; lastKnownFileType = sourcecode.swift; path = RealmManager.swift; sourceTree = "<group>"; };
		5478AEC525C9501400CC373A /* AuthorVC.swift */ = {isa = PBXFileReference; lastKnownFileType = sourcecode.swift; path = AuthorVC.swift; sourceTree = "<group>"; };
		547AF17B20DE4538003D2AF3 /* ImageManager.swift */ = {isa = PBXFileReference; lastKnownFileType = sourcecode.swift; path = ImageManager.swift; sourceTree = "<group>"; };
		54803F10261569E400471DC8 /* SecurityView.swift */ = {isa = PBXFileReference; lastKnownFileType = sourcecode.swift; path = SecurityView.swift; sourceTree = "<group>"; };
		54AA5F472192B03C003E0FAD /* QuickScrollBar.swift */ = {isa = PBXFileReference; lastKnownFileType = sourcecode.swift; path = QuickScrollBar.swift; sourceTree = "<group>"; };
		54E1DADE1F1F38E00096A6D3 /* DownloadBubble.swift */ = {isa = PBXFileReference; lastKnownFileType = sourcecode.swift; path = DownloadBubble.swift; sourceTree = "<group>"; };
		62AF745A0A1136C849776EB2 /* libPods-Shinsi2.a */ = {isa = PBXFileReference; explicitFileType = archive.ar; includeInIndex = 0; path = "libPods-Shinsi2.a"; sourceTree = BUILT_PRODUCTS_DIR; };
		84200A16D7CCE139324C1CC5 /* Pods-Shinsi2.debug.xcconfig */ = {isa = PBXFileReference; includeInIndex = 1; lastKnownFileType = text.xcconfig; name = "Pods-Shinsi2.debug.xcconfig"; path = "Pods/Target Support Files/Pods-Shinsi2/Pods-Shinsi2.debug.xcconfig"; sourceTree = "<group>"; };
/* End PBXFileReference section */

/* Begin PBXFrameworksBuildPhase section */
		546663661F1DE3B8003B9E36 /* Frameworks */ = {
			isa = PBXFrameworksBuildPhase;
			buildActionMask = 2147483647;
			files = (
				6E9C4A59AB28844C2C9D07BE /* libPods-Shinsi2.a in Frameworks */,
			);
			runOnlyForDeploymentPostprocessing = 0;
		};
/* End PBXFrameworksBuildPhase section */

/* Begin PBXGroup section */
		14A8A8C64ACDDE5DC9A8B782 /* Frameworks */ = {
			isa = PBXGroup;
			children = (
				62AF745A0A1136C849776EB2 /* libPods-Shinsi2.a */,
			);
			name = Frameworks;
			sourceTree = "<group>";
		};
		54405C932197182F00D613BD /* Model */ = {
			isa = PBXGroup;
			children = (
				49BB7FF5260F5D5100DACF03 /* ExCookie.swift */,
				5466638C1F1DE44D003B9E36 /* RealmModel.swift */,
				5466638A1F1DE44D003B9E36 /* SSPhoto.swift */,
			);
			path = Model;
			sourceTree = "<group>";
		};
		546663601F1DE3B8003B9E36 = {
			isa = PBXGroup;
			children = (
				5466636B1F1DE3B8003B9E36 /* Shinsi2 */,
				5466636A1F1DE3B8003B9E36 /* Products */,
				7B77D7C0A952920B2D948E7A /* Pods */,
				14A8A8C64ACDDE5DC9A8B782 /* Frameworks */,
			);
			sourceTree = "<group>";
		};
		5466636A1F1DE3B8003B9E36 /* Products */ = {
			isa = PBXGroup;
			children = (
				546663691F1DE3B8003B9E36 /* Shinsi2.app */,
			);
			name = Products;
			sourceTree = "<group>";
		};
		5466636B1F1DE3B8003B9E36 /* Shinsi2 */ = {
			isa = PBXGroup;
			children = (
				546663701F1DE3B8003B9E36 /* Main.storyboard */,
				5466636C1F1DE3B8003B9E36 /* AppDelegate.swift */,
				546663811F1DE44D003B9E36 /* Const.swift */,
				5466637F1F1DE44D003B9E36 /* Helper.swift */,
				546663821F1DE44D003B9E36 /* ViewControllers */,
				549F14FF21904A790084810D /* Component */,
				549F150021904AB00084810D /* Manager */,
				54405C932197182F00D613BD /* Model */,
				546663731F1DE3B8003B9E36 /* Assets.xcassets */,
				546663751F1DE3B8003B9E36 /* LaunchScreen.storyboard */,
				546663781F1DE3B8003B9E36 /* Info.plist */,
			);
			path = Shinsi2;
			sourceTree = "<group>";
		};
		546663821F1DE44D003B9E36 /* ViewControllers */ = {
			isa = PBXGroup;
			children = (
				546663851F1DE44D003B9E36 /* LoginVC.swift */,
				546663841F1DE44D003B9E36 /* ListVC.swift */,
				546663831F1DE44D003B9E36 /* GalleryVC.swift */,
				546663891F1DE44D003B9E36 /* ViewerVC.swift */,
				546663861F1DE44D003B9E36 /* SearchHistoryVC.swift */,
				54433EC921992FA1008313D4 /* CommentVC.swift */,
				546663871F1DE44D003B9E36 /* SettingVC.swift */,
				546663881F1DE44D003B9E36 /* TagVC.swift */,
				542362F621945C49004619F3 /* WebVC.swift */,
				5478AEC525C9501400CC373A /* AuthorVC.swift */,
			);
			path = ViewControllers;
			sourceTree = "<group>";
		};
		549F14FF21904A790084810D /* Component */ = {
			isa = PBXGroup;
			children = (
				542362F421940916004619F3 /* BaseViewController.swift */,
				5466638B1F1DE44D003B9E36 /* Cells.swift */,
				540D1FEC20DA3EB60044EC55 /* InsetLabel.swift */,
				54E1DADE1F1F38E00096A6D3 /* DownloadBubble.swift */,
				54AA5F472192B03C003E0FAD /* QuickScrollBar.swift */,
				54405C912196888F00D613BD /* LoadingView.swift */,
				54803F10261569E400471DC8 /* SecurityView.swift */,
			);
			path = Component;
			sourceTree = "<group>";
		};
		549F150021904AB00084810D /* Manager */ = {
			isa = PBXGroup;
			children = (
				546663801F1DE44D003B9E36 /* RequestManager.swift */,
				547AF17B20DE4538003D2AF3 /* ImageManager.swift */,
				5466639B1F1DE67B003B9E36 /* RealmManager.swift */,
				5466637E1F1DE44D003B9E36 /* DownloadManager.swift */,
				5460470B25CCE6BD00860780 /* FileAppManager.swift */,
			);
			path = Manager;
			sourceTree = "<group>";
		};
		7B77D7C0A952920B2D948E7A /* Pods */ = {
			isa = PBXGroup;
			children = (
				84200A16D7CCE139324C1CC5 /* Pods-Shinsi2.debug.xcconfig */,
				07CE087BB77CAC2F3F8A5D79 /* Pods-Shinsi2.release.xcconfig */,
			);
			name = Pods;
			sourceTree = "<group>";
		};
/* End PBXGroup section */

/* Begin PBXNativeTarget section */
		546663681F1DE3B8003B9E36 /* Shinsi2 */ = {
			isa = PBXNativeTarget;
			buildConfigurationList = 5466637B1F1DE3B8003B9E36 /* Build configuration list for PBXNativeTarget "Shinsi2" */;
			buildPhases = (
				77D54976A98463D5D5055289 /* [CP] Check Pods Manifest.lock */,
				546663651F1DE3B8003B9E36 /* Sources */,
				546663661F1DE3B8003B9E36 /* Frameworks */,
				546663671F1DE3B8003B9E36 /* Resources */,
				91461AC49D1D6CE7E4BBCC1C /* [CP] Copy Pods Resources */,
				544FA6D4227BE8440064FE3B /* ShellScript */,
			);
			buildRules = (
			);
			dependencies = (
			);
			name = Shinsi2;
			productName = Shinsi2;
			productReference = 546663691F1DE3B8003B9E36 /* Shinsi2.app */;
			productType = "com.apple.product-type.application";
		};
/* End PBXNativeTarget section */

/* Begin PBXProject section */
		546663611F1DE3B8003B9E36 /* Project object */ = {
			isa = PBXProject;
			attributes = {
				LastSwiftUpdateCheck = 0900;
				LastUpgradeCheck = 0940;
				ORGANIZATIONNAME = "PowHu Yang";
				TargetAttributes = {
					546663681F1DE3B8003B9E36 = {
						CreatedOnToolsVersion = 9.0;
						LastSwiftMigration = 1020;
						ProvisioningStyle = Automatic;
					};
				};
			};
			buildConfigurationList = 546663641F1DE3B8003B9E36 /* Build configuration list for PBXProject "Shinsi2" */;
			compatibilityVersion = "Xcode 8.0";
			developmentRegion = en;
			hasScannedForEncodings = 0;
			knownRegions = (
				en,
				Base,
			);
			mainGroup = 546663601F1DE3B8003B9E36;
			productRefGroup = 5466636A1F1DE3B8003B9E36 /* Products */;
			projectDirPath = "";
			projectRoot = "";
			targets = (
				546663681F1DE3B8003B9E36 /* Shinsi2 */,
			);
		};
/* End PBXProject section */

/* Begin PBXResourcesBuildPhase section */
		546663671F1DE3B8003B9E36 /* Resources */ = {
			isa = PBXResourcesBuildPhase;
			buildActionMask = 2147483647;
			files = (
				546663771F1DE3B8003B9E36 /* LaunchScreen.storyboard in Resources */,
				546663741F1DE3B8003B9E36 /* Assets.xcassets in Resources */,
				546663721F1DE3B8003B9E36 /* Main.storyboard in Resources */,
			);
			runOnlyForDeploymentPostprocessing = 0;
		};
/* End PBXResourcesBuildPhase section */

/* Begin PBXShellScriptBuildPhase section */
		544FA6D4227BE8440064FE3B /* ShellScript */ = {
			isa = PBXShellScriptBuildPhase;
			buildActionMask = 2147483647;
			files = (
			);
			inputPaths = (
			);
			outputPaths = (
			);
			runOnlyForDeploymentPostprocessing = 0;
			shellPath = /bin/sh;
			shellScript = "if which \"${PODS_ROOT}/SwiftLint/swiftlint\" >/dev/null; then\n${PODS_ROOT}/SwiftLint/swiftlint\nelse\necho \"warning: SwiftLint not installed, download from https://github.com/realm/SwiftLint\"\nfi\n";
		};
		77D54976A98463D5D5055289 /* [CP] Check Pods Manifest.lock */ = {
			isa = PBXShellScriptBuildPhase;
			buildActionMask = 2147483647;
			files = (
			);
			inputPaths = (
				"${PODS_PODFILE_DIR_PATH}/Podfile.lock",
				"${PODS_ROOT}/Manifest.lock",
			);
			name = "[CP] Check Pods Manifest.lock";
			outputPaths = (
				"$(DERIVED_FILE_DIR)/Pods-Shinsi2-checkManifestLockResult.txt",
			);
			runOnlyForDeploymentPostprocessing = 0;
			shellPath = /bin/sh;
			shellScript = "diff \"${PODS_PODFILE_DIR_PATH}/Podfile.lock\" \"${PODS_ROOT}/Manifest.lock\" > /dev/null\nif [ $? != 0 ] ; then\n    # print error to STDERR\n    echo \"error: The sandbox is not in sync with the Podfile.lock. Run 'pod install' or update your CocoaPods installation.\" >&2\n    exit 1\nfi\n# This output is used by Xcode 'outputs' to avoid re-running this script phase.\necho \"SUCCESS\" > \"${SCRIPT_OUTPUT_FILE_0}\"\n";
			showEnvVarsInLog = 0;
		};
		91461AC49D1D6CE7E4BBCC1C /* [CP] Copy Pods Resources */ = {
			isa = PBXShellScriptBuildPhase;
			buildActionMask = 2147483647;
			files = (
			);
			inputPaths = (
				"${PODS_ROOT}/Target Support Files/Pods-Shinsi2/Pods-Shinsi2-resources.sh",
				"${PODS_ROOT}/SVProgressHUD/SVProgressHUD/SVProgressHUD.bundle",
			);
			name = "[CP] Copy Pods Resources";
			outputPaths = (
				"${TARGET_BUILD_DIR}/${UNLOCALIZED_RESOURCES_FOLDER_PATH}/SVProgressHUD.bundle",
			);
			runOnlyForDeploymentPostprocessing = 0;
			shellPath = /bin/sh;
			shellScript = "\"${PODS_ROOT}/Target Support Files/Pods-Shinsi2/Pods-Shinsi2-resources.sh\"\n";
			showEnvVarsInLog = 0;
		};
/* End PBXShellScriptBuildPhase section */

/* Begin PBXSourcesBuildPhase section */
		546663651F1DE3B8003B9E36 /* Sources */ = {
			isa = PBXSourcesBuildPhase;
			buildActionMask = 2147483647;
			files = (
				5466636D1F1DE3B8003B9E36 /* AppDelegate.swift in Sources */,
				546663991F1DE514003B9E36 /* Helper.swift in Sources */,
				547AF17C20DE4538003D2AF3 /* ImageManager.swift in Sources */,
				546663931F1DE511003B9E36 /* SettingVC.swift in Sources */,
				5478AEC625C9501400CC373A /* AuthorVC.swift in Sources */,
				546663941F1DE511003B9E36 /* TagVC.swift in Sources */,
				546663901F1DE511003B9E36 /* ListVC.swift in Sources */,
				54433ECA21992FA1008313D4 /* CommentVC.swift in Sources */,
				54E1DADF1F1F38E00096A6D3 /* DownloadBubble.swift in Sources */,
				546663981F1DE511003B9E36 /* SSPhoto.swift in Sources */,
				546663911F1DE511003B9E36 /* LoginVC.swift in Sources */,
				5466638E1F1DE50C003B9E36 /* RealmModel.swift in Sources */,
				546663921F1DE511003B9E36 /* SearchHistoryVC.swift in Sources */,
				540D1FED20DA3EB60044EC55 /* InsetLabel.swift in Sources */,
				54AA5F482192B03C003E0FAD /* QuickScrollBar.swift in Sources */,
				5466639C1F1DE67B003B9E36 /* RealmManager.swift in Sources */,
				546663971F1DE511003B9E36 /* DownloadManager.swift in Sources */,
				5466638D1F1DE509003B9E36 /* RequestManager.swift in Sources */,
				546663961F1DE511003B9E36 /* Cells.swift in Sources */,
				49BB7FF6260F5D5100DACF03 /* ExCookie.swift in Sources */,
				546663951F1DE511003B9E36 /* ViewerVC.swift in Sources */,
				5466638F1F1DE511003B9E36 /* GalleryVC.swift in Sources */,
				5460470C25CCE6BD00860780 /* FileAppManager.swift in Sources */,
				5466639A1F1DE516003B9E36 /* Const.swift in Sources */,
				54803F11261569E400471DC8 /* SecurityView.swift in Sources */,
				542362F521940916004619F3 /* BaseViewController.swift in Sources */,
				542362F721945C49004619F3 /* WebVC.swift in Sources */,
				54405C922196888F00D613BD /* LoadingView.swift in Sources */,
			);
			runOnlyForDeploymentPostprocessing = 0;
		};
/* End PBXSourcesBuildPhase section */

/* Begin PBXVariantGroup section */
		546663701F1DE3B8003B9E36 /* Main.storyboard */ = {
			isa = PBXVariantGroup;
			children = (
				546663711F1DE3B8003B9E36 /* Base */,
			);
			name = Main.storyboard;
			sourceTree = "<group>";
		};
		546663751F1DE3B8003B9E36 /* LaunchScreen.storyboard */ = {
			isa = PBXVariantGroup;
			children = (
				546663761F1DE3B8003B9E36 /* Base */,
			);
			name = LaunchScreen.storyboard;
			sourceTree = "<group>";
		};
/* End PBXVariantGroup section */

/* Begin XCBuildConfiguration section */
		546663791F1DE3B8003B9E36 /* Debug */ = {
			isa = XCBuildConfiguration;
			buildSettings = {
				ALWAYS_SEARCH_USER_PATHS = NO;
				CLANG_ANALYZER_NONNULL = YES;
				CLANG_ANALYZER_NUMBER_OBJECT_CONVERSION = YES_AGGRESSIVE;
				CLANG_CXX_LANGUAGE_STANDARD = "gnu++14";
				CLANG_CXX_LIBRARY = "libc++";
				CLANG_ENABLE_MODULES = YES;
				CLANG_ENABLE_OBJC_ARC = YES;
				CLANG_WARN_BLOCK_CAPTURE_AUTORELEASING = YES;
				CLANG_WARN_BOOL_CONVERSION = YES;
				CLANG_WARN_COMMA = YES;
				CLANG_WARN_CONSTANT_CONVERSION = YES;
				CLANG_WARN_DEPRECATED_OBJC_IMPLEMENTATIONS = YES;
				CLANG_WARN_DIRECT_OBJC_ISA_USAGE = YES_ERROR;
				CLANG_WARN_DOCUMENTATION_COMMENTS = YES;
				CLANG_WARN_EMPTY_BODY = YES;
				CLANG_WARN_ENUM_CONVERSION = YES;
				CLANG_WARN_INFINITE_RECURSION = YES;
				CLANG_WARN_INT_CONVERSION = YES;
				CLANG_WARN_NON_LITERAL_NULL_CONVERSION = YES;
				CLANG_WARN_OBJC_IMPLICIT_RETAIN_SELF = YES;
				CLANG_WARN_OBJC_LITERAL_CONVERSION = YES;
				CLANG_WARN_OBJC_ROOT_CLASS = YES_ERROR;
				CLANG_WARN_RANGE_LOOP_ANALYSIS = YES;
				CLANG_WARN_STRICT_PROTOTYPES = YES;
				CLANG_WARN_SUSPICIOUS_MOVE = YES;
				CLANG_WARN_UNGUARDED_AVAILABILITY = YES_AGGRESSIVE;
				CLANG_WARN_UNREACHABLE_CODE = YES;
				CLANG_WARN__DUPLICATE_METHOD_MATCH = YES;
				CODE_SIGN_IDENTITY = "iPhone Developer";
				COPY_PHASE_STRIP = NO;
				DEBUG_INFORMATION_FORMAT = dwarf;
				ENABLE_STRICT_OBJC_MSGSEND = YES;
				ENABLE_TESTABILITY = YES;
				GCC_C_LANGUAGE_STANDARD = gnu11;
				GCC_DYNAMIC_NO_PIC = NO;
				GCC_NO_COMMON_BLOCKS = YES;
				GCC_OPTIMIZATION_LEVEL = 0;
				GCC_PREPROCESSOR_DEFINITIONS = (
					"DEBUG=1",
					"$(inherited)",
				);
				GCC_WARN_64_TO_32_BIT_CONVERSION = YES;
				GCC_WARN_ABOUT_RETURN_TYPE = YES_ERROR;
				GCC_WARN_UNDECLARED_SELECTOR = YES;
				GCC_WARN_UNINITIALIZED_AUTOS = YES_AGGRESSIVE;
				GCC_WARN_UNUSED_FUNCTION = YES;
				GCC_WARN_UNUSED_VARIABLE = YES;
				IPHONEOS_DEPLOYMENT_TARGET = 11.0;
				MTL_ENABLE_DEBUG_INFO = YES;
				ONLY_ACTIVE_ARCH = YES;
				SDKROOT = iphoneos;
				SWIFT_ACTIVE_COMPILATION_CONDITIONS = DEBUG;
				SWIFT_OPTIMIZATION_LEVEL = "-Onone";
			};
			name = Debug;
		};
		5466637A1F1DE3B8003B9E36 /* Release */ = {
			isa = XCBuildConfiguration;
			buildSettings = {
				ALWAYS_SEARCH_USER_PATHS = NO;
				CLANG_ANALYZER_NONNULL = YES;
				CLANG_ANALYZER_NUMBER_OBJECT_CONVERSION = YES_AGGRESSIVE;
				CLANG_CXX_LANGUAGE_STANDARD = "gnu++14";
				CLANG_CXX_LIBRARY = "libc++";
				CLANG_ENABLE_MODULES = YES;
				CLANG_ENABLE_OBJC_ARC = YES;
				CLANG_WARN_BLOCK_CAPTURE_AUTORELEASING = YES;
				CLANG_WARN_BOOL_CONVERSION = YES;
				CLANG_WARN_COMMA = YES;
				CLANG_WARN_CONSTANT_CONVERSION = YES;
				CLANG_WARN_DEPRECATED_OBJC_IMPLEMENTATIONS = YES;
				CLANG_WARN_DIRECT_OBJC_ISA_USAGE = YES_ERROR;
				CLANG_WARN_DOCUMENTATION_COMMENTS = YES;
				CLANG_WARN_EMPTY_BODY = YES;
				CLANG_WARN_ENUM_CONVERSION = YES;
				CLANG_WARN_INFINITE_RECURSION = YES;
				CLANG_WARN_INT_CONVERSION = YES;
				CLANG_WARN_NON_LITERAL_NULL_CONVERSION = YES;
				CLANG_WARN_OBJC_IMPLICIT_RETAIN_SELF = YES;
				CLANG_WARN_OBJC_LITERAL_CONVERSION = YES;
				CLANG_WARN_OBJC_ROOT_CLASS = YES_ERROR;
				CLANG_WARN_RANGE_LOOP_ANALYSIS = YES;
				CLANG_WARN_STRICT_PROTOTYPES = YES;
				CLANG_WARN_SUSPICIOUS_MOVE = YES;
				CLANG_WARN_UNGUARDED_AVAILABILITY = YES_AGGRESSIVE;
				CLANG_WARN_UNREACHABLE_CODE = YES;
				CLANG_WARN__DUPLICATE_METHOD_MATCH = YES;
				CODE_SIGN_IDENTITY = "iPhone Developer";
				COPY_PHASE_STRIP = NO;
				DEBUG_INFORMATION_FORMAT = "dwarf-with-dsym";
				ENABLE_NS_ASSERTIONS = NO;
				ENABLE_STRICT_OBJC_MSGSEND = YES;
				GCC_C_LANGUAGE_STANDARD = gnu11;
				GCC_NO_COMMON_BLOCKS = YES;
				GCC_WARN_64_TO_32_BIT_CONVERSION = YES;
				GCC_WARN_ABOUT_RETURN_TYPE = YES_ERROR;
				GCC_WARN_UNDECLARED_SELECTOR = YES;
				GCC_WARN_UNINITIALIZED_AUTOS = YES_AGGRESSIVE;
				GCC_WARN_UNUSED_FUNCTION = YES;
				GCC_WARN_UNUSED_VARIABLE = YES;
				IPHONEOS_DEPLOYMENT_TARGET = 11.0;
				MTL_ENABLE_DEBUG_INFO = NO;
				SDKROOT = iphoneos;
				SWIFT_OPTIMIZATION_LEVEL = "-Owholemodule";
				VALIDATE_PRODUCT = YES;
			};
			name = Release;
		};
		5466637C1F1DE3B8003B9E36 /* Debug */ = {
			isa = XCBuildConfiguration;
			baseConfigurationReference = 84200A16D7CCE139324C1CC5 /* Pods-Shinsi2.debug.xcconfig */;
			buildSettings = {
				ASSETCATALOG_COMPILER_APPICON_NAME = AppIcon;
				CODE_SIGN_IDENTITY = "Apple Development";
				CODE_SIGN_STYLE = Automatic;
				CURRENT_PROJECT_VERSION = 1;
				DEVELOPMENT_TEAM = H993B4HKBS;
				INFOPLIST_FILE = Shinsi2/Info.plist;
				IPHONEOS_DEPLOYMENT_TARGET = 13.0;
				LD_RUNPATH_SEARCH_PATHS = "$(inherited) @executable_path/Frameworks";
				MARKETING_VERSION = 2.1.0;
				PRODUCT_BUNDLE_IDENTIFIER = com.shinsi2.ehviewer;
				PRODUCT_NAME = "$(TARGET_NAME)";
				PROVISIONING_PROFILE_SPECIFIER = "";
				SWIFT_VERSION = 5.0;
				TARGETED_DEVICE_FAMILY = "1,2";
			};
			name = Debug;
		};
		5466637D1F1DE3B8003B9E36 /* Release */ = {
			isa = XCBuildConfiguration;
			baseConfigurationReference = 07CE087BB77CAC2F3F8A5D79 /* Pods-Shinsi2.release.xcconfig */;
			buildSettings = {
				ASSETCATALOG_COMPILER_APPICON_NAME = AppIcon;
				CODE_SIGN_IDENTITY = "Apple Development";
				CODE_SIGN_STYLE = Automatic;
				CURRENT_PROJECT_VERSION = 1;
				DEVELOPMENT_TEAM = H993B4HKBS;
				INFOPLIST_FILE = Shinsi2/Info.plist;
				IPHONEOS_DEPLOYMENT_TARGET = 13.0;
				LD_RUNPATH_SEARCH_PATHS = "$(inherited) @executable_path/Frameworks";
				MARKETING_VERSION = 2.1.0;
				PRODUCT_BUNDLE_IDENTIFIER = com.shinsi2.ehviewer;
				PRODUCT_NAME = "$(TARGET_NAME)";
				PROVISIONING_PROFILE_SPECIFIER = "";
				SWIFT_VERSION = 5.0;
				TARGETED_DEVICE_FAMILY = "1,2";
			};
			name = Release;
		};
/* End XCBuildConfiguration section */

/* Begin XCConfigurationList section */
		546663641F1DE3B8003B9E36 /* Build configuration list for PBXProject "Shinsi2" */ = {
			isa = XCConfigurationList;
			buildConfigurations = (
				546663791F1DE3B8003B9E36 /* Debug */,
				5466637A1F1DE3B8003B9E36 /* Release */,
			);
			defaultConfigurationIsVisible = 0;
			defaultConfigurationName = Release;
		};
		5466637B1F1DE3B8003B9E36 /* Build configuration list for PBXNativeTarget "Shinsi2" */ = {
			isa = XCConfigurationList;
			buildConfigurations = (
				5466637C1F1DE3B8003B9E36 /* Debug */,
				5466637D1F1DE3B8003B9E36 /* Release */,
			);
			defaultConfigurationIsVisible = 0;
			defaultConfigurationName = Release;
		};
/* End XCConfigurationList section */
	};
	rootObject = 546663611F1DE3B8003B9E36 /* Project object */;
}
